
Microsoft Visual Studio Solution File, Format Version 12.00
# Visual Studio Version 16
VisualStudioVersion = 16.0.33328.57
MinimumVisualStudioVersion = 10.0.40219.1
Project("{FAE04EC0-301F-11D3-BF4B-00C04F79EFBC}") = "WpfAppNet", "WpfAppNet.csproj", "{CBA615F6-BB61-420F-AA1B-B276FF08D7BC}"
EndProject
Global
	GlobalSection(SolutionConfigurationPlatforms) = preSolution
		Debug|Any CPU = Debug|Any CPU
		Release|Any CPU = Release|Any CPU
	EndGlobalSection
	GlobalSection(ProjectConfigurationPlatforms) = postSolution
		{CBA615F6-BB61-420F-AA1B-B276FF08D7BC}.Debug|Any CPU.ActiveCfg = Debug|Any CPU
		{CBA615F6-BB61-420F-AA1B-B276FF08D7BC}.Debug|Any CPU.Build.0 = Debug|Any CPU
		{CBA615F6-BB61-420F-AA1B-B276FF08D7BC}.Release|Any CPU.ActiveCfg = Release|Any CPU
		{CBA615F6-BB61-420F-AA1B-B276FF08D7BC}.Release|Any CPU.Build.0 = Release|Any CPU
	EndGlobalSection
	GlobalSection(SolutionProperties) = preSolution
		HideSolutionNode = FALSE
	EndGlobalSection
	GlobalSection(ExtensibilityGlobals) = postSolution
		SolutionGuid = {968CB84D-DDE9-45BF-A294-7AED0AE2802D}
	EndGlobalSection
EndGlobal
